{
  "originHash" : "734780f0d23d664f433400ad0a1e052c72f1f9d0e15388d44a3eae890e253fe6",
  "pins" : [
    {
      "identity" : "defaults",
      "kind" : "remoteSourceControl",
      "location" : "https://github.com/sindresorhus/Defaults",
      "state" : {
        "branch" : "main",
        "revision" : "d71bfd8ffbf944ef08eacbca5fb96d6f69bf7696"
      }
    },
    {
      "identity" : "keychainaccess",
      "kind" : "remoteSourceControl",
      "location" : "https://github.com/kishikawakatsumi/KeychainAccess",
      "state" : {
        "branch" : "master",
        "revision" : "ecb18d8ce4d88277cc4fb103973352d91e18c535"
      }
    },
    {
      "identity" : "swiftvue",
      "kind" : "remoteSourceControl",
      "location" : "https://github.com/StudentVue/SwiftVue.git",
      "state" : {
        "branch" : "main",
        "revision" : "0995b860463a06b9af9abffe8b03f0eb9a6c56cd"
      }
    }
  ],
  "version" : 3
}
