{
  "originHash" : "734780f0d23d664f433400ad0a1e052c72f1f9d0e15388d44a3eae890e253fe6",
  "pins" : [
    {
      "identity" : "defaults",
      "kind" : "remoteSourceControl",
      "location" : "https://github.com/sindresorhus/Defaults",
      "state" : {
        "branch" : "main",
        "revision" : "38925e3cfacf3fb89a81a35b1cd44fd5a5b7e0fa"
      }
    },
    {
      "identity" : "keychainaccess",
      "kind" : "remoteSourceControl",
      "location" : "https://github.com/kishikawakatsumi/KeychainAccess",
      "state" : {
        "branch" : "master",
        "revision" : "e0c7eebc5a4465a3c4680764f26b7a61f567cdaf"
      }
    },
    {
      "identity" : "swiftvue",
      "kind" : "remoteSourceControl",
      "location" : "https://github.com/StudentVue/SwiftVue.git",
      "state" : {
        "branch" : "main",
        "revision" : "a2b6114e97ffe39511be63c5b8363209417c198e"
      }
    }
  ],
  "version" : 3
}
